// !$*UTF8*$!
{
	archiveVersion = 1;
	classes = {
	};
	objectVersion = 46;
	objects = {

/* Begin PBXBuildFile section */
		3A6D14EA1B73021B0072207A /* AppDelegate.swift in Sources */ = {isa = PBXBuildFile; fileRef = 3A6D14E91B73021B0072207A /* AppDelegate.swift */; };
		3A6D14EC1B73021B0072207A /* ViewController.swift in Sources */ = {isa = PBXBuildFile; fileRef = 3A6D14EB1B73021B0072207A /* ViewController.swift */; };
		3A6D14EF1B73021B0072207A /* Main.storyboard in Resources */ = {isa = PBXBuildFile; fileRef = 3A6D14ED1B73021B0072207A /* Main.storyboard */; };
		3A6D14F11B73021B0072207A /* Images.xcassets in Resources */ = {isa = PBXBuildFile; fileRef = 3A6D14F01B73021B0072207A /* Images.xcassets */; };
		3A6D14F41B73021B0072207A /* LaunchScreen.xib in Resources */ = {isa = PBXBuildFile; fileRef = 3A6D14F21B73021B0072207A /* LaunchScreen.xib */; };
		3A6D150F1B7302830072207A /* RWSCAppearance.swift in Sources */ = {isa = PBXBuildFile; fileRef = 3A6D150A1B7302830072207A /* RWSCAppearance.swift */; };
		3A6D15101B7302830072207A /* RWSCDataSource.swift in Sources */ = {isa = PBXBuildFile; fileRef = 3A6D150B1B7302830072207A /* RWSCDataSource.swift */; };
		3A6D15111B7302830072207A /* RWSCDrawing.swift in Sources */ = {isa = PBXBuildFile; fileRef = 3A6D150C1B7302830072207A /* RWSCDrawing.swift */; };
		3A6D15121B7302830072207A /* RWSCLayout.swift in Sources */ = {isa = PBXBuildFile; fileRef = 3A6D150D1B7302830072207A /* RWSCLayout.swift */; };
		3A6D15131B7302830072207A /* RWScrollChart.swift in Sources */ = {isa = PBXBuildFile; fileRef = 3A6D150E1B7302830072207A /* RWScrollChart.swift */; };
/* End PBXBuildFile section */

/* Begin PBXFileReference section */
		3A6D14E41B73021B0072207A /* RWScrollChartDemo.app */ = {isa = PBXFileReference; explicitFileType = wrapper.application; includeInIndex = 0; path = RWScrollChartDemo.app; sourceTree = BUILT_PRODUCTS_DIR; };
		3A6D14E81B73021B0072207A /* Info.plist */ = {isa = PBXFileReference; lastKnownFileType = text.plist.xml; path = Info.plist; sourceTree = "<group>"; };
		3A6D14E91B73021B0072207A /* AppDelegate.swift */ = {isa = PBXFileReference; lastKnownFileType = sourcecode.swift; path = AppDelegate.swift; sourceTree = "<group>"; };
		3A6D14EB1B73021B0072207A /* ViewController.swift */ = {isa = PBXFileReference; lastKnownFileType = sourcecode.swift; path = ViewController.swift; sourceTree = "<group>"; };
		3A6D14EE1B73021B0072207A /* Base */ = {isa = PBXFileReference; lastKnownFileType = file.storyboard; name = Base; path = Base.lproj/Main.storyboard; sourceTree = "<group>"; };
		3A6D14F01B73021B0072207A /* Images.xcassets */ = {isa = PBXFileReference; lastKnownFileType = folder.assetcatalog; path = Images.xcassets; sourceTree = "<group>"; };
		3A6D14F31B73021B0072207A /* Base */ = {isa = PBXFileReference; lastKnownFileType = file.xib; name = Base; path = Base.lproj/LaunchScreen.xib; sourceTree = "<group>"; };
		3A6D150A1B7302830072207A /* RWSCAppearance.swift */ = {isa = PBXFileReference; fileEncoding = 4; lastKnownFileType = sourcecode.swift; lineEnding = 0; path = RWSCAppearance.swift; sourceTree = "<group>"; xcLanguageSpecificationIdentifier = xcode.lang.swift; };
		3A6D150B1B7302830072207A /* RWSCDataSource.swift */ = {isa = PBXFileReference; fileEncoding = 4; lastKnownFileType = sourcecode.swift; lineEnding = 0; path = RWSCDataSource.swift; sourceTree = "<group>"; xcLanguageSpecificationIdentifier = xcode.lang.swift; };
		3A6D150C1B7302830072207A /* RWSCDrawing.swift */ = {isa = PBXFileReference; fileEncoding = 4; lastKnownFileType = sourcecode.swift; lineEnding = 0; path = RWSCDrawing.swift; sourceTree = "<group>"; xcLanguageSpecificationIdentifier = xcode.lang.swift; };
		3A6D150D1B7302830072207A /* RWSCLayout.swift */ = {isa = PBXFileReference; fileEncoding = 4; lastKnownFileType = sourcecode.swift; lineEnding = 0; path = RWSCLayout.swift; sourceTree = "<group>"; xcLanguageSpecificationIdentifier = xcode.lang.swift; };
		3A6D150E1B7302830072207A /* RWScrollChart.swift */ = {isa = PBXFileReference; fileEncoding = 4; lastKnownFileType = sourcecode.swift; lineEnding = 0; path = RWScrollChart.swift; sourceTree = "<group>"; xcLanguageSpecificationIdentifier = xcode.lang.swift; };
/* End PBXFileReference section */

/* Begin PBXFrameworksBuildPhase section */
		3A6D14E11B73021B0072207A /* Frameworks */ = {
			isa = PBXFrameworksBuildPhase;
			buildActionMask = 2147483647;
			files = (
			);
			runOnlyForDeploymentPostprocessing = 0;
		};
/* End PBXFrameworksBuildPhase section */

/* Begin PBXGroup section */
		3A6D14DB1B73021B0072207A = {
			isa = PBXGroup;
			children = (
				3A6D15091B7302830072207A /* RWScrollChart */,
				3A6D14E61B73021B0072207A /* RWScrollChartDemo */,
				3A6D14E51B73021B0072207A /* Products */,
			);
			sourceTree = "<group>";
		};
		3A6D14E51B73021B0072207A /* Products */ = {
			isa = PBXGroup;
			children = (
				3A6D14E41B73021B0072207A /* RWScrollChartDemo.app */,
			);
			name = Products;
			sourceTree = "<group>";
		};
		3A6D14E61B73021B0072207A /* RWScrollChartDemo */ = {
			isa = PBXGroup;
			children = (
				3A6D14E91B73021B0072207A /* AppDelegate.swift */,
				3A6D14EB1B73021B0072207A /* ViewController.swift */,
				3A6D14ED1B73021B0072207A /* Main.storyboard */,
				3A6D14F01B73021B0072207A /* Images.xcassets */,
				3A6D14F21B73021B0072207A /* LaunchScreen.xib */,
				3A6D14E71B73021B0072207A /* Supporting Files */,
			);
			path = RWScrollChartDemo;
			sourceTree = "<group>";
		};
		3A6D14E71B73021B0072207A /* Supporting Files */ = {
			isa = PBXGroup;
			children = (
				3A6D14E81B73021B0072207A /* Info.plist */,
			);
			name = "Supporting Files";
			sourceTree = "<group>";
		};
		3A6D15091B7302830072207A /* RWScrollChart */ = {
			isa = PBXGroup;
			children = (
				3A6D150A1B7302830072207A /* RWSCAppearance.swift */,
				3A6D150B1B7302830072207A /* RWSCDataSource.swift */,
				3A6D150C1B7302830072207A /* RWSCDrawing.swift */,
				3A6D150D1B7302830072207A /* RWSCLayout.swift */,
				3A6D150E1B7302830072207A /* RWScrollChart.swift */,
			);
			path = RWScrollChart;
			sourceTree = "<group>";
		};
/* End PBXGroup section */

/* Begin PBXNativeTarget section */
		3A6D14E31B73021B0072207A /* RWScrollChartDemo */ = {
			isa = PBXNativeTarget;
			buildConfigurationList = 3A6D15031B73021B0072207A /* Build configuration list for PBXNativeTarget "RWScrollChartDemo" */;
			buildPhases = (
				3A6D14E01B73021B0072207A /* Sources */,
				3A6D14E11B73021B0072207A /* Frameworks */,
				3A6D14E21B73021B0072207A /* Resources */,
			);
			buildRules = (
			);
			dependencies = (
			);
			name = RWScrollChartDemo;
			productName = RWScrollChartDemo;
			productReference = 3A6D14E41B73021B0072207A /* RWScrollChartDemo.app */;
			productType = "com.apple.product-type.application";
		};
/* End PBXNativeTarget section */

/* Begin PBXProject section */
		3A6D14DC1B73021B0072207A /* Project object */ = {
			isa = PBXProject;
			attributes = {
				LastUpgradeCheck = 0640;
				ORGANIZATIONNAME = "Zhang Bin";
				TargetAttributes = {
					3A6D14E31B73021B0072207A = {
						CreatedOnToolsVersion = 6.4;
					};
				};
			};
			buildConfigurationList = 3A6D14DF1B73021B0072207A /* Build configuration list for PBXProject "RWScrollChartDemo" */;
			compatibilityVersion = "Xcode 3.2";
			developmentRegion = English;
			hasScannedForEncodings = 0;
			knownRegions = (
				en,
				Base,
			);
			mainGroup = 3A6D14DB1B73021B0072207A;
			productRefGroup = 3A6D14E51B73021B0072207A /* Products */;
			projectDirPath = "";
			projectRoot = "";
			targets = (
				3A6D14E31B73021B0072207A /* RWScrollChartDemo */,
			);
		};
/* End PBXProject section */

/* Begin PBXResourcesBuildPhase section */
		3A6D14E21B73021B0072207A /* Resources */ = {
			isa = PBXResourcesBuildPhase;
			buildActionMask = 2147483647;
			files = (
				3A6D14EF1B73021B0072207A /* Main.storyboard in Resources */,
				3A6D14F41B73021B0072207A /* LaunchScreen.xib in Resources */,
				3A6D14F11B73021B0072207A /* Images.xcassets in Resources */,
			);
			runOnlyForDeploymentPostprocessing = 0;
		};
/* End PBXResourcesBuildPhase section */

/* Begin PBXSourcesBuildPhase section */
		3A6D14E01B73021B0072207A /* Sources */ = {
			isa = PBXSourcesBuildPhase;
			buildActionMask = 2147483647;
			files = (
				3A6D14EC1B73021B0072207A /* ViewController.swift in Sources */,
				3A6D15101B7302830072207A /* RWSCDataSource.swift in Sources */,
				3A6D15131B7302830072207A /* RWScrollChart.swift in Sources */,
				3A6D15111B7302830072207A /* RWSCDrawing.swift in Sources */,
				3A6D14EA1B73021B0072207A /* AppDelegate.swift in Sources */,
				3A6D15121B7302830072207A /* RWSCLayout.swift in Sources */,
				3A6D150F1B7302830072207A /* RWSCAppearance.swift in Sources */,
			);
			runOnlyForDeploymentPostprocessing = 0;
		};
/* End PBXSourcesBuildPhase section */

/* Begin PBXVariantGroup section */
		3A6D14ED1B73021B0072207A /* Main.storyboard */ = {
			isa = PBXVariantGroup;
			children = (
				3A6D14EE1B73021B0072207A /* Base */,
			);
			name = Main.storyboard;
			sourceTree = "<group>";
		};
		3A6D14F21B73021B0072207A /* LaunchScreen.xib */ = {
			isa = PBXVariantGroup;
			children = (
				3A6D14F31B73021B0072207A /* Base */,
			);
			name = LaunchScreen.xib;
			sourceTree = "<group>";
		};
/* End PBXVariantGroup section */

/* Begin XCBuildConfiguration section */
		3A6D15011B73021B0072207A /* Debug */ = {
			isa = XCBuildConfiguration;
			buildSettings = {
				ALWAYS_SEARCH_USER_PATHS = NO;
				CLANG_CXX_LANGUAGE_STANDARD = "gnu++0x";
				CLANG_CXX_LIBRARY = "libc++";
				CLANG_ENABLE_MODULES = YES;
				CLANG_ENABLE_OBJC_ARC = YES;
				CLANG_WARN_BOOL_CONVERSION = YES;
				CLANG_WARN_CONSTANT_CONVERSION = YES;
				CLANG_WARN_DIRECT_OBJC_ISA_USAGE = YES_ERROR;
				CLANG_WARN_EMPTY_BODY = YES;
				CLANG_WARN_ENUM_CONVERSION = YES;
				CLANG_WARN_INT_CONVERSION = YES;
				CLANG_WARN_OBJC_ROOT_CLASS = YES_ERROR;
				CLANG_WARN_UNREACHABLE_CODE = YES;
				CLANG_WARN__DUPLICATE_METHOD_MATCH = YES;
				"CODE_SIGN_IDENTITY[sdk=iphoneos*]" = "iPhone Developer";
				COPY_PHASE_STRIP = NO;
				DEBUG_INFORMATION_FORMAT = "dwarf-with-dsym";
				ENABLE_STRICT_OBJC_MSGSEND = YES;
				GCC_C_LANGUAGE_STANDARD = gnu99;
				GCC_DYNAMIC_NO_PIC = NO;
				GCC_NO_COMMON_BLOCKS = YES;
				GCC_OPTIMIZATION_LEVEL = 0;
				GCC_PREPROCESSOR_DEFINITIONS = (
					"DEBUG=1",
					"$(inherited)",
				);
				GCC_SYMBOLS_PRIVATE_EXTERN = NO;
				GCC_WARN_64_TO_32_BIT_CONVERSION = YES;
				GCC_WARN_ABOUT_RETURN_TYPE = YES_ERROR;
				GCC_WARN_UNDECLARED_SELECTOR = YES;
				GCC_WARN_UNINITIALIZED_AUTOS = YES_AGGRESSIVE;
				GCC_WARN_UNUSED_FUNCTION = YES;
				GCC_WARN_UNUSED_VARIABLE = YES;
				IPHONEOS_DEPLOYMENT_TARGET = 8.4;
				MTL_ENABLE_DEBUG_INFO = YES;
				ONLY_ACTIVE_ARCH = YES;
				SDKROOT = iphoneos;
				SWIFT_OPTIMIZATION_LEVEL = "-Onone";
			};
			name = Debug;
		};
		3A6D15021B73021B0072207A /* Release */ = {
			isa = XCBuildConfiguration;
			buildSettings = {
				ALWAYS_SEARCH_USER_PATHS = NO;
				CLANG_CXX_LANGUAGE_STANDARD = "gnu++0x";
				CLANG_CXX_LIBRARY = "libc++";
				CLANG_ENABLE_MODULES = YES;
				CLANG_ENABLE_OBJC_ARC = YES;
				CLANG_WARN_BOOL_CONVERSION = YES;
				CLANG_WARN_CONSTANT_CONVERSION = YES;
				CLANG_WARN_DIRECT_OBJC_ISA_USAGE = YES_ERROR;
				CLANG_WARN_EMPTY_BODY = YES;
				CLANG_WARN_ENUM_CONVERSION = YES;
				CLANG_WARN_INT_CONVERSION = YES;
				CLANG_WARN_OBJC_ROOT_CLASS = YES_ERROR;
				CLANG_WARN_UNREACHABLE_CODE = YES;
				CLANG_WARN__DUPLICATE_METHOD_MATCH = YES;
				"CODE_SIGN_IDENTITY[sdk=iphoneos*]" = "iPhone Developer";
				COPY_PHASE_STRIP = NO;
				DEBUG_INFORMATION_FORMAT = "dwarf-with-dsym";
				ENABLE_NS_ASSERTIONS = NO;
				ENABLE_STRICT_OBJC_MSGSEND = YES;
				GCC_C_LANGUAGE_STANDARD = gnu99;
				GCC_NO_COMMON_BLOCKS = YES;
				GCC_WARN_64_TO_32_BIT_CONVERSION = YES;
				GCC_WARN_ABOUT_RETURN_TYPE = YES_ERROR;
				GCC_WARN_UNDECLARED_SELECTOR = YES;
				GCC_WARN_UNINITIALIZED_AUTOS = YES_AGGRESSIVE;
				GCC_WARN_UNUSED_FUNCTION = YES;
				GCC_WARN_UNUSED_VARIABLE = YES;
				IPHONEOS_DEPLOYMENT_TARGET = 8.4;
				MTL_ENABLE_DEBUG_INFO = NO;
				SDKROOT = iphoneos;
				VALIDATE_PRODUCT = YES;
			};
			name = Release;
		};
		3A6D15041B73021B0072207A /* Debug */ = {
			isa = XCBuildConfiguration;
			buildSettings = {
				ASSETCATALOG_COMPILER_APPICON_NAME = AppIcon;
				ASSETCATALOG_COMPILER_LAUNCHIMAGE_NAME = LaunchImage;
				INFOPLIST_FILE = RWScrollChartDemo/Info.plist;
				IPHONEOS_DEPLOYMENT_TARGET = 7.0;
				LD_RUNPATH_SEARCH_PATHS = "$(inherited) @executable_path/Frameworks";
				PRODUCT_NAME = "$(TARGET_NAME)";
			};
			name = Debug;
		};
		3A6D15051B73021B0072207A /* Release */ = {
			isa = XCBuildConfiguration;
			buildSettings = {
				ASSETCATALOG_COMPILER_APPICON_NAME = AppIcon;
				ASSETCATALOG_COMPILER_LAUNCHIMAGE_NAME = LaunchImage;
				INFOPLIST_FILE = RWScrollChartDemo/Info.plist;
				IPHONEOS_DEPLOYMENT_TARGET = 7.0;
				LD_RUNPATH_SEARCH_PATHS = "$(inherited) @executable_path/Frameworks";
				PRODUCT_NAME = "$(TARGET_NAME)";
			};
			name = Release;
		};
/* End XCBuildConfiguration section */

/* Begin XCConfigurationList section */
		3A6D14DF1B73021B0072207A /* Build configuration list for PBXProject "RWScrollChartDemo" */ = {
			isa = XCConfigurationList;
			buildConfigurations = (
				3A6D15011B73021B0072207A /* Debug */,
				3A6D15021B73021B0072207A /* Release */,
			);
			defaultConfigurationIsVisible = 0;
			defaultConfigurationName = Release;
		};
		3A6D15031B73021B0072207A /* Build configuration list for PBXNativeTarget "RWScrollChartDemo" */ = {
			isa = XCConfigurationList;
			buildConfigurations = (
				3A6D15041B73021B0072207A /* Debug */,
				3A6D15051B73021B0072207A /* Release */,
			);
			defaultConfigurationIsVisible = 0;
			defaultConfigurationName = Release;
		};
/* End XCConfigurationList section */
	};
	rootObject = 3A6D14DC1B73021B0072207A /* Project object */;
}
